<?xml version="1.0" encoding="UTF-8" standalone="yes" ?>
<CodeBlocks_project_file>
	<FileVersion major="1" minor="6" />
	<Project>
		<Option title="DealOrNoDeal" />
		<Option pch_mode="2" />
		<Option compiler="gcc" />
		<Build>
			<Target title="Debug">
				<Option output="../debug" prefix_auto="1" extension_auto="1" />
				<Option object_output="obj/Debug/" />
				<Option type="0" />
				<Option compiler="gcc" />
				<Compiler>
					<Add option="-std=c++17" />
					<Add option="-g" />
					<Add option="-ffast-math" />
					<Add directory="include" />
					<Add directory="game" />
					<Add directory="engine" />
				</Compiler>
				<Linker>
					<Add library="SDL2" />
					<Add library="SDL2_image" />
					<Add library="SDL2_mixer" />
					<Add directory="lib64" />
				</Linker>
			</Target>
			<Target title="Release">
				<Option output="../Deal or no Deal" prefix_auto="1" extension_auto="1" />
				<Option object_output="obj/Release/" />
				<Option type="0" />
				<Option compiler="gcc" />
				<Compiler>
					<Add option="-fomit-frame-pointer" />
					<Add option="-Os" />
					<Add option="-ffast-math" />
					<Add directory="include" />
					<Add directory="game" />
					<Add directory="engine" />
				</Compiler>
				<Linker>
					<Add option="-s" />
					<Add library="SDL2" />
					<Add library="SDL2_image" />
					<Add library="SDL2_mixer" />
					<Add directory="lib64" />
				</Linker>
			</Target>
		</Build>
		<Compiler>
			<Add option="-Wall" />
			<Add option="-fexceptions" />
		</Compiler>
		<Unit filename="engine/buttons.cpp" />
		<Unit filename="engine/main.cpp" />
		<Unit filename="engine/main.h" />
		<Unit filename="engine/particles.cpp" />
		<Unit filename="engine/particles.h" />
		<Unit filename="engine/sdl.cpp" />
		<Unit filename="engine/sounds.cpp" />
		<Unit filename="engine/sounds.h" />
		<Unit filename="engine/textures.cpp" />
		<Unit filename="engine/textures.h" />
		<Unit filename="engine/tools.cpp" />
		<Unit filename="engine/tools.h" />
		<Unit filename="game/bank.cpp" />
		<Unit filename="game/dialogs.cpp" />
		<Unit filename="game/game.cpp" />
		<Unit filename="game/game.h" />
		<Unit filename="game/menus.cpp" />
		<Unit filename="game/render.cpp" />
		<Unit filename="game/texts.cpp" />
		<Unit filename="resource.rc">
			<Option compilerVar="WINDRES" />
		</Unit>
		<Extensions>
			<lib_finder disable_auto="1" />
		</Extensions>
	</Project>
</CodeBlocks_project_file>
